
Microsoft Visual Studio Solution File, Format Version 12.00
# Visual Studio Version 16
VisualStudioVersion = 16.0.29230.47
MinimumVisualStudioVersion = 10.0.40219.1
Project("{2150E333-8FDC-42A3-9474-1A3956D46DE8}") = "MicroServices", "MicroServices", "{6CEADF5F-8679-4E56-A4DA-452B6538D411}"
EndProject
Project("{2150E333-8FDC-42A3-9474-1A3956D46DE8}") = "Domain", "Domain", "{BFCA8587-C2C1-4229-8C84-47793FB91A6C}"
EndProject
Project("{2150E333-8FDC-42A3-9474-1A3956D46DE8}") = "Infra.Bus", "Infra.Bus", "{7640E84C-CAB9-4358-B70F-B5929CBFEC6A}"
EndProject
Project("{2150E333-8FDC-42A3-9474-1A3956D46DE8}") = "Infra.IoC", "Infra.IoC", "{7D1664ED-C50B-4D1E-BF72-A69C3B195A18}"
EndProject
Project("{2150E333-8FDC-42A3-9474-1A3956D46DE8}") = "Presentation", "Presentation", "{CE3BEA55-07CE-438C-A37C-40BB946B59F0}"
EndProject
Project("{FAE04EC0-301F-11D3-BF4B-00C04F79EFBC}") = "MicroRabbit.Domain.Core", "MicroRabbit.Domain.Core\MicroRabbit.Domain.Core.csproj", "{BAE7CCE0-26B1-437E-99BE-4795822C9D46}"
EndProject
Project("{FAE04EC0-301F-11D3-BF4B-00C04F79EFBC}") = "MicroRabbit.Infra.Bus", "MicroRabbit.Infra.Bus\MicroRabbit.Infra.Bus.csproj", "{15D23319-18FA-42E8-9CC6-2C7380D84A26}"
EndProject
Project("{FAE04EC0-301F-11D3-BF4B-00C04F79EFBC}") = "MicroRabbit.Infra.IoC", "MicroRabbit.Infra.IoC\MicroRabbit.Infra.IoC.csproj", "{2030B96B-5543-48B9-AA02-408F2CFB293E}"
EndProject
Project("{2150E333-8FDC-42A3-9474-1A3956D46DE8}") = "Banking", "Banking", "{8DA25A75-FF25-4820-8C70-2381943C1DF7}"
EndProject
Project("{2150E333-8FDC-42A3-9474-1A3956D46DE8}") = "Api", "Api", "{73AB3F63-74A8-4D87-BD86-620C8853D41E}"
EndProject
Project("{2150E333-8FDC-42A3-9474-1A3956D46DE8}") = "Domain", "Domain", "{2EB0363A-0332-447D-A3A9-9B2E0CE38A8E}"
EndProject
Project("{2150E333-8FDC-42A3-9474-1A3956D46DE8}") = "Application", "Application", "{1C0F2A0D-55DD-4A5C-AB9C-1A6BE0B550D5}"
EndProject
Project("{2150E333-8FDC-42A3-9474-1A3956D46DE8}") = "Data", "Data", "{9EE1F8E6-6A69-4408-82E5-402ED1379E92}"
EndProject
Project("{FAE04EC0-301F-11D3-BF4B-00C04F79EFBC}") = "MicroRabbit.Banking.Api", "MicroRabbit.Banking.Api\MicroRabbit.Banking.Api.csproj", "{A6A77192-A945-4EC2-A21F-60FFF946758E}"
EndProject
Project("{FAE04EC0-301F-11D3-BF4B-00C04F79EFBC}") = "MicroRabbit.Banking.Application", "MicroRabbit.Banking.Application\MicroRabbit.Banking.Application.csproj", "{3B6F4992-797D-4787-8687-4D66C80BDFD9}"
EndProject
Project("{FAE04EC0-301F-11D3-BF4B-00C04F79EFBC}") = "MicroRabbit.Banking.Data", "MicroRabbit.Banking.Data\MicroRabbit.Banking.Data.csproj", "{C599FC98-B0E7-43B7-803B-0F5275FB5DB6}"
EndProject
Project("{FAE04EC0-301F-11D3-BF4B-00C04F79EFBC}") = "MicroRabbit.Banking.Domain", "MicroRabbit.Banking.Domain\MicroRabbit.Banking.Domain.csproj", "{FA37CEB0-5412-4E64-B9BA-CB714D1BC8ED}"
EndProject
Project("{2150E333-8FDC-42A3-9474-1A3956D46DE8}") = "Transfer", "Transfer", "{4ACDCFB2-4AAF-4A54-BF7A-9C53E54EE458}"
EndProject
Project("{2150E333-8FDC-42A3-9474-1A3956D46DE8}") = "Api", "Api", "{D4D36A86-356D-4238-AB86-9A144510B709}"
EndProject
Project("{2150E333-8FDC-42A3-9474-1A3956D46DE8}") = "Application", "Application", "{463E0AA4-A183-44F8-A66C-3B8870A23E4B}"
EndProject
Project("{2150E333-8FDC-42A3-9474-1A3956D46DE8}") = "Data", "Data", "{8EF05CBA-1E04-4D24-80BB-6B0CC642FD30}"
EndProject
Project("{2150E333-8FDC-42A3-9474-1A3956D46DE8}") = "Domain", "Domain", "{528145D8-90BF-489D-8C97-E7B68196BEFE}"
EndProject
Project("{FAE04EC0-301F-11D3-BF4B-00C04F79EFBC}") = "MicroRabbit.Transfer.Api", "MicroRabbit.Transfer.Api\MicroRabbit.Transfer.Api.csproj", "{9B06D029-E923-472D-9181-09B4FE131BF5}"
EndProject
Project("{FAE04EC0-301F-11D3-BF4B-00C04F79EFBC}") = "MicroRabbit.Transfer.Application", "MicroRabbit.Transfer.Applicationx\MicroRabbit.Transfer.Application.csproj", "{7278768B-EEB1-416A-9538-FC13F5173EBC}"
EndProject
Project("{FAE04EC0-301F-11D3-BF4B-00C04F79EFBC}") = "MicroRabbit.Transfer.Data", "MicroRabbit.Transfer.Data\MicroRabbit.Transfer.Data.csproj", "{E494387C-61E1-47A4-932F-AFB1DCC279EE}"
EndProject
Project("{FAE04EC0-301F-11D3-BF4B-00C04F79EFBC}") = "MicroRabbit.Transfer.Domain", "MicroRabbit.Transfer.Domain\MicroRabbit.Transfer.Domain.csproj", "{F73FD228-D25B-4E0B-BAB0-E0B768297651}"
EndProject
Global
	GlobalSection(SolutionConfigurationPlatforms) = preSolution
		Debug|Any CPU = Debug|Any CPU
		Release|Any CPU = Release|Any CPU
	EndGlobalSection
	GlobalSection(ProjectConfigurationPlatforms) = postSolution
		{BAE7CCE0-26B1-437E-99BE-4795822C9D46}.Debug|Any CPU.ActiveCfg = Debug|Any CPU
		{BAE7CCE0-26B1-437E-99BE-4795822C9D46}.Debug|Any CPU.Build.0 = Debug|Any CPU
		{BAE7CCE0-26B1-437E-99BE-4795822C9D46}.Release|Any CPU.ActiveCfg = Release|Any CPU
		{BAE7CCE0-26B1-437E-99BE-4795822C9D46}.Release|Any CPU.Build.0 = Release|Any CPU
		{15D23319-18FA-42E8-9CC6-2C7380D84A26}.Debug|Any CPU.ActiveCfg = Debug|Any CPU
		{15D23319-18FA-42E8-9CC6-2C7380D84A26}.Debug|Any CPU.Build.0 = Debug|Any CPU
		{15D23319-18FA-42E8-9CC6-2C7380D84A26}.Release|Any CPU.ActiveCfg = Release|Any CPU
		{15D23319-18FA-42E8-9CC6-2C7380D84A26}.Release|Any CPU.Build.0 = Release|Any CPU
		{2030B96B-5543-48B9-AA02-408F2CFB293E}.Debug|Any CPU.ActiveCfg = Debug|Any CPU
		{2030B96B-5543-48B9-AA02-408F2CFB293E}.Debug|Any CPU.Build.0 = Debug|Any CPU
		{2030B96B-5543-48B9-AA02-408F2CFB293E}.Release|Any CPU.ActiveCfg = Release|Any CPU
		{2030B96B-5543-48B9-AA02-408F2CFB293E}.Release|Any CPU.Build.0 = Release|Any CPU
		{A6A77192-A945-4EC2-A21F-60FFF946758E}.Debug|Any CPU.ActiveCfg = Debug|Any CPU
		{A6A77192-A945-4EC2-A21F-60FFF946758E}.Debug|Any CPU.Build.0 = Debug|Any CPU
		{A6A77192-A945-4EC2-A21F-60FFF946758E}.Release|Any CPU.ActiveCfg = Release|Any CPU
		{A6A77192-A945-4EC2-A21F-60FFF946758E}.Release|Any CPU.Build.0 = Release|Any CPU
		{3B6F4992-797D-4787-8687-4D66C80BDFD9}.Debug|Any CPU.ActiveCfg = Debug|Any CPU
		{3B6F4992-797D-4787-8687-4D66C80BDFD9}.Debug|Any CPU.Build.0 = Debug|Any CPU
		{3B6F4992-797D-4787-8687-4D66C80BDFD9}.Release|Any CPU.ActiveCfg = Release|Any CPU
		{3B6F4992-797D-4787-8687-4D66C80BDFD9}.Release|Any CPU.Build.0 = Release|Any CPU
		{C599FC98-B0E7-43B7-803B-0F5275FB5DB6}.Debug|Any CPU.ActiveCfg = Debug|Any CPU
		{C599FC98-B0E7-43B7-803B-0F5275FB5DB6}.Debug|Any CPU.Build.0 = Debug|Any CPU
		{C599FC98-B0E7-43B7-803B-0F5275FB5DB6}.Release|Any CPU.ActiveCfg = Release|Any CPU
		{C599FC98-B0E7-43B7-803B-0F5275FB5DB6}.Release|Any CPU.Build.0 = Release|Any CPU
		{FA37CEB0-5412-4E64-B9BA-CB714D1BC8ED}.Debug|Any CPU.ActiveCfg = Debug|Any CPU
		{FA37CEB0-5412-4E64-B9BA-CB714D1BC8ED}.Debug|Any CPU.Build.0 = Debug|Any CPU
		{FA37CEB0-5412-4E64-B9BA-CB714D1BC8ED}.Release|Any CPU.ActiveCfg = Release|Any CPU
		{FA37CEB0-5412-4E64-B9BA-CB714D1BC8ED}.Release|Any CPU.Build.0 = Release|Any CPU
		{9B06D029-E923-472D-9181-09B4FE131BF5}.Debug|Any CPU.ActiveCfg = Debug|Any CPU
		{9B06D029-E923-472D-9181-09B4FE131BF5}.Debug|Any CPU.Build.0 = Debug|Any CPU
		{9B06D029-E923-472D-9181-09B4FE131BF5}.Release|Any CPU.ActiveCfg = Release|Any CPU
		{9B06D029-E923-472D-9181-09B4FE131BF5}.Release|Any CPU.Build.0 = Release|Any CPU
		{7278768B-EEB1-416A-9538-FC13F5173EBC}.Debug|Any CPU.ActiveCfg = Debug|Any CPU
		{7278768B-EEB1-416A-9538-FC13F5173EBC}.Debug|Any CPU.Build.0 = Debug|Any CPU
		{7278768B-EEB1-416A-9538-FC13F5173EBC}.Release|Any CPU.ActiveCfg = Release|Any CPU
		{7278768B-EEB1-416A-9538-FC13F5173EBC}.Release|Any CPU.Build.0 = Release|Any CPU
		{E494387C-61E1-47A4-932F-AFB1DCC279EE}.Debug|Any CPU.ActiveCfg = Debug|Any CPU
		{E494387C-61E1-47A4-932F-AFB1DCC279EE}.Debug|Any CPU.Build.0 = Debug|Any CPU
		{E494387C-61E1-47A4-932F-AFB1DCC279EE}.Release|Any CPU.ActiveCfg = Release|Any CPU
		{E494387C-61E1-47A4-932F-AFB1DCC279EE}.Release|Any CPU.Build.0 = Release|Any CPU
		{F73FD228-D25B-4E0B-BAB0-E0B768297651}.Debug|Any CPU.ActiveCfg = Debug|Any CPU
		{F73FD228-D25B-4E0B-BAB0-E0B768297651}.Debug|Any CPU.Build.0 = Debug|Any CPU
		{F73FD228-D25B-4E0B-BAB0-E0B768297651}.Release|Any CPU.ActiveCfg = Release|Any CPU
		{F73FD228-D25B-4E0B-BAB0-E0B768297651}.Release|Any CPU.Build.0 = Release|Any CPU
	EndGlobalSection
	GlobalSection(SolutionProperties) = preSolution
		HideSolutionNode = FALSE
	EndGlobalSection
	GlobalSection(NestedProjects) = preSolution
		{BAE7CCE0-26B1-437E-99BE-4795822C9D46} = {BFCA8587-C2C1-4229-8C84-47793FB91A6C}
		{15D23319-18FA-42E8-9CC6-2C7380D84A26} = {7640E84C-CAB9-4358-B70F-B5929CBFEC6A}
		{2030B96B-5543-48B9-AA02-408F2CFB293E} = {7D1664ED-C50B-4D1E-BF72-A69C3B195A18}
		{8DA25A75-FF25-4820-8C70-2381943C1DF7} = {6CEADF5F-8679-4E56-A4DA-452B6538D411}
		{73AB3F63-74A8-4D87-BD86-620C8853D41E} = {8DA25A75-FF25-4820-8C70-2381943C1DF7}
		{2EB0363A-0332-447D-A3A9-9B2E0CE38A8E} = {8DA25A75-FF25-4820-8C70-2381943C1DF7}
		{1C0F2A0D-55DD-4A5C-AB9C-1A6BE0B550D5} = {8DA25A75-FF25-4820-8C70-2381943C1DF7}
		{9EE1F8E6-6A69-4408-82E5-402ED1379E92} = {8DA25A75-FF25-4820-8C70-2381943C1DF7}
		{A6A77192-A945-4EC2-A21F-60FFF946758E} = {73AB3F63-74A8-4D87-BD86-620C8853D41E}
		{3B6F4992-797D-4787-8687-4D66C80BDFD9} = {1C0F2A0D-55DD-4A5C-AB9C-1A6BE0B550D5}
		{C599FC98-B0E7-43B7-803B-0F5275FB5DB6} = {9EE1F8E6-6A69-4408-82E5-402ED1379E92}
		{FA37CEB0-5412-4E64-B9BA-CB714D1BC8ED} = {2EB0363A-0332-447D-A3A9-9B2E0CE38A8E}
		{4ACDCFB2-4AAF-4A54-BF7A-9C53E54EE458} = {6CEADF5F-8679-4E56-A4DA-452B6538D411}
		{D4D36A86-356D-4238-AB86-9A144510B709} = {4ACDCFB2-4AAF-4A54-BF7A-9C53E54EE458}
		{463E0AA4-A183-44F8-A66C-3B8870A23E4B} = {4ACDCFB2-4AAF-4A54-BF7A-9C53E54EE458}
		{8EF05CBA-1E04-4D24-80BB-6B0CC642FD30} = {4ACDCFB2-4AAF-4A54-BF7A-9C53E54EE458}
		{528145D8-90BF-489D-8C97-E7B68196BEFE} = {4ACDCFB2-4AAF-4A54-BF7A-9C53E54EE458}
		{9B06D029-E923-472D-9181-09B4FE131BF5} = {D4D36A86-356D-4238-AB86-9A144510B709}
		{7278768B-EEB1-416A-9538-FC13F5173EBC} = {463E0AA4-A183-44F8-A66C-3B8870A23E4B}
		{E494387C-61E1-47A4-932F-AFB1DCC279EE} = {8EF05CBA-1E04-4D24-80BB-6B0CC642FD30}
		{F73FD228-D25B-4E0B-BAB0-E0B768297651} = {528145D8-90BF-489D-8C97-E7B68196BEFE}
	EndGlobalSection
	GlobalSection(ExtensibilityGlobals) = postSolution
		SolutionGuid = {C68F04D6-1E66-42DC-A215-623A9869DF0B}
	EndGlobalSection
EndGlobal
